// !$*UTF8*$!
{
	archiveVersion = 1;
	classes = {
	};
	objectVersion = 46;
	objects = {

/* Begin PBXBuildFile section */
		5FBF51C73F715DED1791829A /* AudioPlayerSwift.h in Headers */ = {isa = PBXBuildFile; fileRef = E692E887A75A3CA35CE5F031 /* AudioPlayerSwift.h */; settings = {ATTRIBUTES = (Public, ); }; };
		8029CCF65C3E5E030234411A /* AudioPlayerSwiftTests.swift in Sources */ = {isa = PBXBuildFile; fileRef = 96896BFFDD4080D642A5E5EC /* AudioPlayerSwiftTests.swift */; };
		E27419171F39F5CB006A3D74 /* AVFoundation.framework in Frameworks */ = {isa = PBXBuildFile; fileRef = E27419161F39F5CB006A3D74 /* AVFoundation.framework */; };
		E2B205D71F39F8390078339E /* AudioPlayerSwift.framework in Frameworks */ = {isa = PBXBuildFile; fileRef = 1E71DFAF13CBFC5CF4B9AF84 /* AudioPlayerSwift.framework */; };
		E2B205DD1F39F8B40078339E /* sound1.caf in Resources */ = {isa = PBXBuildFile; fileRef = E2B205D91F39F8A50078339E /* sound1.caf */; };
		E2B205DE1F39F8B40078339E /* sound2.caf in Resources */ = {isa = PBXBuildFile; fileRef = E2B205DA1F39F8A50078339E /* sound2.caf */; };
		F6A6959022D10A5831B7A89E /* AudioPlayer.swift in Sources */ = {isa = PBXBuildFile; fileRef = 25105DF41A4FAD655CA8417E /* AudioPlayer.swift */; };
/* End PBXBuildFile section */

/* Begin PBXContainerItemProxy section */
		C8ABDF2BFDB84E257BAE8956 /* PBXContainerItemProxy */ = {
			isa = PBXContainerItemProxy;
			containerPortal = 802F3B5751C5367480B57965 /* Project object */;
			proxyType = 1;
			remoteGlobalIDString = 3E9289CEF329E014CACA2B4C;
			remoteInfo = AudioPlayerSwift;
		};
/* End PBXContainerItemProxy section */

/* Begin PBXFileReference section */
		1E71DFAF13CBFC5CF4B9AF84 /* AudioPlayerSwift.framework */ = {isa = PBXFileReference; explicitFileType = wrapper.framework; includeInIndex = 0; path = AudioPlayerSwift.framework; sourceTree = BUILT_PRODUCTS_DIR; };
		25105DF41A4FAD655CA8417E /* AudioPlayer.swift */ = {isa = PBXFileReference; includeInIndex = 1; lastKnownFileType = sourcecode.swift; name = AudioPlayer.swift; path = ../Sources/AudioPlayer.swift; sourceTree = "<group>"; };
		4A15CE9145FAC4A33A6A417D /* Info.plist */ = {isa = PBXFileReference; includeInIndex = 1; lastKnownFileType = text.plist.xml; name = Info.plist; path = "Supporting Files/Info.plist"; sourceTree = "<group>"; };
		96896BFFDD4080D642A5E5EC /* AudioPlayerSwiftTests.swift */ = {isa = PBXFileReference; includeInIndex = 1; lastKnownFileType = sourcecode.swift; name = AudioPlayerSwiftTests.swift; path = "AudioPlayerSwift Tests/AudioPlayerSwiftTests.swift"; sourceTree = "<group>"; };
		A84E9AC713250141A4DD753D /* AudioPlayerSwiftTests.xctest */ = {isa = PBXFileReference; explicitFileType = wrapper.cfbundle; includeInIndex = 0; path = AudioPlayerSwiftTests.xctest; sourceTree = BUILT_PRODUCTS_DIR; };
		E27419161F39F5CB006A3D74 /* AVFoundation.framework */ = {isa = PBXFileReference; lastKnownFileType = wrapper.framework; name = AVFoundation.framework; path = System/Library/Frameworks/AVFoundation.framework; sourceTree = SDKROOT; };
		E2B205D91F39F8A50078339E /* sound1.caf */ = {isa = PBXFileReference; lastKnownFileType = file; path = sound1.caf; sourceTree = "<group>"; };
		E2B205DA1F39F8A50078339E /* sound2.caf */ = {isa = PBXFileReference; lastKnownFileType = file; path = sound2.caf; sourceTree = "<group>"; };
		E692E887A75A3CA35CE5F031 /* AudioPlayerSwift.h */ = {isa = PBXFileReference; includeInIndex = 1; lastKnownFileType = sourcecode.c.h; name = AudioPlayerSwift.h; path = "Supporting Files/AudioPlayerSwift.h"; sourceTree = "<group>"; };
/* End PBXFileReference section */

/* Begin PBXFrameworksBuildPhase section */
		1A205DD1B4304E2633DAF938 /* Frameworks */ = {
			isa = PBXFrameworksBuildPhase;
			buildActionMask = 2147483647;
			files = (
				E27419171F39F5CB006A3D74 /* AVFoundation.framework in Frameworks */,
			);
			runOnlyForDeploymentPostprocessing = 0;
		};
		56B28C2FABEF499E7A574912 /* Frameworks */ = {
			isa = PBXFrameworksBuildPhase;
			buildActionMask = 2147483647;
			files = (
				E2B205D71F39F8390078339E /* AudioPlayerSwift.framework in Frameworks */,
			);
			runOnlyForDeploymentPostprocessing = 0;
		};
/* End PBXFrameworksBuildPhase section */

/* Begin PBXGroup section */
		6A7EFC0115D2DC9A3271A12E = {
			isa = PBXGroup;
			children = (
				B448C2BF8E6F6011BCB47634 /* Sources */,
				EB270336170E9A565F076322 /* AudioPlayerSwift Tests */,
				D6739226490C188532C30CB1 /* Supporting Files */,
				D3C7F7CC11F27FF7A3146359 /* Frameworks */,
				FA8F08D221C62D9BDEB108D2 /* Products */,
			);
			sourceTree = "<group>";
		};
		B448C2BF8E6F6011BCB47634 /* Sources */ = {
			isa = PBXGroup;
			children = (
				25105DF41A4FAD655CA8417E /* AudioPlayer.swift */,
			);
			name = Sources;
			sourceTree = "<group>";
		};
		D3C7F7CC11F27FF7A3146359 /* Frameworks */ = {
			isa = PBXGroup;
			children = (
				E27419161F39F5CB006A3D74 /* AVFoundation.framework */,
			);
			name = Frameworks;
			sourceTree = "<group>";
		};
		D6739226490C188532C30CB1 /* Supporting Files */ = {
			isa = PBXGroup;
			children = (
				E2B205D81F39F8A50078339E /* assets */,
				4A15CE9145FAC4A33A6A417D /* Info.plist */,
				E692E887A75A3CA35CE5F031 /* AudioPlayerSwift.h */,
			);
			name = "Supporting Files";
			sourceTree = "<group>";
		};
		E2B205D81F39F8A50078339E /* assets */ = {
			isa = PBXGroup;
			children = (
				E2B205D91F39F8A50078339E /* sound1.caf */,
				E2B205DA1F39F8A50078339E /* sound2.caf */,
			);
			name = assets;
			path = ../assets;
			sourceTree = "<group>";
		};
		EB270336170E9A565F076322 /* AudioPlayerSwift Tests */ = {
			isa = PBXGroup;
			children = (
				96896BFFDD4080D642A5E5EC /* AudioPlayerSwiftTests.swift */,
			);
			name = "AudioPlayerSwift Tests";
			sourceTree = "<group>";
		};
		FA8F08D221C62D9BDEB108D2 /* Products */ = {
			isa = PBXGroup;
			children = (
				1E71DFAF13CBFC5CF4B9AF84 /* AudioPlayerSwift.framework */,
				A84E9AC713250141A4DD753D /* AudioPlayerSwiftTests.xctest */,
			);
			name = Products;
			sourceTree = "<group>";
		};
/* End PBXGroup section */

/* Begin PBXHeadersBuildPhase section */
		0B42182DD1C5B64FCBF90B8D /* Headers */ = {
			isa = PBXHeadersBuildPhase;
			buildActionMask = 2147483647;
			files = (
				5FBF51C73F715DED1791829A /* AudioPlayerSwift.h in Headers */,
			);
			runOnlyForDeploymentPostprocessing = 0;
		};
/* End PBXHeadersBuildPhase section */

/* Begin PBXNativeTarget section */
		3E9289CEF329E014CACA2B4C /* AudioPlayerSwift */ = {
			isa = PBXNativeTarget;
			buildConfigurationList = 706C09FD224212FA08ADCC8B /* Build configuration list for PBXNativeTarget "AudioPlayerSwift" */;
			buildPhases = (
				0B42182DD1C5B64FCBF90B8D /* Headers */,
				82AC9805E0AEFED634404BB4 /* Sources */,
				5CD0611F4BB6772638B5A744 /* Resources */,
				1A205DD1B4304E2633DAF938 /* Frameworks */,
				E2B205E01F39FA700078339E /* Run Script -  🤖 SwiftLint */,
			);
			buildRules = (
			);
			dependencies = (
			);
			name = AudioPlayerSwift;
			productName = AudioPlayerSwift;
			productReference = 1E71DFAF13CBFC5CF4B9AF84 /* AudioPlayerSwift.framework */;
			productType = "com.apple.product-type.framework";
		};
		7E2EF23374D113A7F7E993FB /* AudioPlayerSwiftTests */ = {
			isa = PBXNativeTarget;
			buildConfigurationList = B82F2312D5F0C86A5C32FDDE /* Build configuration list for PBXNativeTarget "AudioPlayerSwiftTests" */;
			buildPhases = (
				391D429D2F3BDE2E3570290D /* Sources */,
				5A6BDA3CA2EAAC7942AF3652 /* Resources */,
				56B28C2FABEF499E7A574912 /* Frameworks */,
				2FF31AEA7D26D2AF4DB6A8E5 /* Copy Carthage Frameworks */,
			);
			buildRules = (
			);
			dependencies = (
				32DC17A9FD922360FC5FE0F9 /* PBXTargetDependency */,
			);
			name = AudioPlayerSwiftTests;
			productName = AudioPlayerSwiftTests;
			productReference = A84E9AC713250141A4DD753D /* AudioPlayerSwiftTests.xctest */;
			productType = "com.apple.product-type.bundle.unit-test";
		};
/* End PBXNativeTarget section */

/* Begin PBXProject section */
		802F3B5751C5367480B57965 /* Project object */ = {
			isa = PBXProject;
			attributes = {
				LastSwiftUpdateCheck = 0830;
				LastUpgradeCheck = 1020;
				TargetAttributes = {
					3E9289CEF329E014CACA2B4C = {
						LastSwiftMigration = 1020;
					};
					7E2EF23374D113A7F7E993FB = {
						LastSwiftMigration = 1020;
					};
				};
			};
			buildConfigurationList = 446500387F3D3ECAF668B6CC /* Build configuration list for PBXProject "AudioPlayerSwift" */;
			compatibilityVersion = "Xcode 3.2";
			developmentRegion = en;
			hasScannedForEncodings = 0;
			knownRegions = (
				en,
				Base,
			);
			mainGroup = 6A7EFC0115D2DC9A3271A12E;
			productRefGroup = FA8F08D221C62D9BDEB108D2 /* Products */;
			projectDirPath = "";
			projectRoot = "";
			targets = (
				3E9289CEF329E014CACA2B4C /* AudioPlayerSwift */,
				7E2EF23374D113A7F7E993FB /* AudioPlayerSwiftTests */,
			);
		};
/* End PBXProject section */

/* Begin PBXResourcesBuildPhase section */
		5A6BDA3CA2EAAC7942AF3652 /* Resources */ = {
			isa = PBXResourcesBuildPhase;
			buildActionMask = 2147483647;
			files = (
				E2B205DD1F39F8B40078339E /* sound1.caf in Resources */,
				E2B205DE1F39F8B40078339E /* sound2.caf in Resources */,
			);
			runOnlyForDeploymentPostprocessing = 0;
		};
		5CD0611F4BB6772638B5A744 /* Resources */ = {
			isa = PBXResourcesBuildPhase;
			buildActionMask = 2147483647;
			files = (
			);
			runOnlyForDeploymentPostprocessing = 0;
		};
/* End PBXResourcesBuildPhase section */

/* Begin PBXShellScriptBuildPhase section */
		2FF31AEA7D26D2AF4DB6A8E5 /* Copy Carthage Frameworks */ = {
			isa = PBXShellScriptBuildPhase;
			buildActionMask = 2147483647;
			files = (
			);
			inputPaths = (
			);
			name = "Copy Carthage Frameworks";
			outputPaths = (
			);
			runOnlyForDeploymentPostprocessing = 0;
			shellPath = /bin/sh;
			shellScript = "#!/bin/sh\n\ncase \"$PLATFORM_NAME\" in\n    macosx) plat=Mac;;\n    iphone*) plat=iOS;;\n    watch*) plat=watchOS;;\n    appletv*) plat=tvOS;;\n    *) echo \"error: Unknown PLATFORM_NAME: $PLATFORM_NAME\"; exit 1;;\nesac\n\nfor (( n = 0; n < SCRIPT_INPUT_FILE_COUNT; n++ )); do\n    VAR=SCRIPT_INPUT_FILE_$n\n    framework=$(basename \"${!VAR}\")\n    export SCRIPT_INPUT_FILE_$n=\"$SRCROOT\"/Carthage/Build/$plat/\"$framework\"\ndone\n\n/usr/local/bin/carthage copy-frameworks || exit\n\nfor (( n = 0; n < SCRIPT_INPUT_FILE_COUNT; n++ )); do\n    VAR=SCRIPT_INPUT_FILE_$n\n    source=${!VAR}.dSYM\n    dest=${BUILT_PRODUCTS_DIR}/$(basename \"$source\")\n    ditto \"$source\" \"$dest\" || exit\ndone";
		};
		E2B205E01F39FA700078339E /* Run Script -  🤖 SwiftLint */ = {
			isa = PBXShellScriptBuildPhase;
			buildActionMask = 2147483647;
			files = (
			);
			inputPaths = (
			);
			name = "Run Script -  🤖 SwiftLint";
			outputPaths = (
			);
			runOnlyForDeploymentPostprocessing = 0;
			shellPath = /bin/sh;
			shellScript = "if which swiftlint >/dev/null; then\n    swiftlint --config ../.swiftlint.yml\nelse\n    echo \"warning: SwiftLint not installed, download from https://github.com/realm/SwiftLint\"\nfi";
		};
/* End PBXShellScriptBuildPhase section */

/* Begin PBXSourcesBuildPhase section */
		391D429D2F3BDE2E3570290D /* Sources */ = {
			isa = PBXSourcesBuildPhase;
			buildActionMask = 2147483647;
			files = (
				8029CCF65C3E5E030234411A /* AudioPlayerSwiftTests.swift in Sources */,
			);
			runOnlyForDeploymentPostprocessing = 0;
		};
		82AC9805E0AEFED634404BB4 /* Sources */ = {
			isa = PBXSourcesBuildPhase;
			buildActionMask = 2147483647;
			files = (
				F6A6959022D10A5831B7A89E /* AudioPlayer.swift in Sources */,
			);
			runOnlyForDeploymentPostprocessing = 0;
		};
/* End PBXSourcesBuildPhase section */

/* Begin PBXTargetDependency section */
		32DC17A9FD922360FC5FE0F9 /* PBXTargetDependency */ = {
			isa = PBXTargetDependency;
			name = AudioPlayerSwift;
			target = 3E9289CEF329E014CACA2B4C /* AudioPlayerSwift */;
			targetProxy = C8ABDF2BFDB84E257BAE8956 /* PBXContainerItemProxy */;
		};
/* End PBXTargetDependency section */

/* Begin XCBuildConfiguration section */
		07B753E175A38565219ACC46 /* Release */ = {
			isa = XCBuildConfiguration;
			buildSettings = {
				APPLICATION_EXTENSION_API_ONLY = NO;
				COMBINE_HIDPI_IMAGES = YES;
				CURRENT_PROJECT_VERSION = 1;
				DEBUG_INFORMATION_FORMAT = "dwarf-with-dsym";
				DEFINES_MODULE = YES;
				DYLIB_COMPATIBILITY_VERSION = 1;
				DYLIB_CURRENT_VERSION = 1;
				DYLIB_INSTALL_NAME_BASE = "@rpath";
				ENABLE_STRICT_OBJC_MSGSEND = YES;
				"FRAMEWORK_SEARCH_PATHS[sdk=appletv*]" = "$(inherited)";
				"FRAMEWORK_SEARCH_PATHS[sdk=iphone*]" = "$(inherited)";
				"FRAMEWORK_SEARCH_PATHS[sdk=macosx*]" = "$(inherited)";
				FRAMEWORK_VERSION = A;
				GCC_NO_COMMON_BLOCKS = YES;
				INFOPLIST_FILE = "Supporting Files/Info.plist";
				INSTALL_PATH = "$(LOCAL_LIBRARY_DIR)/Frameworks";
				IPHONEOS_DEPLOYMENT_TARGET = 9.0;
				LD_RUNPATH_SEARCH_PATHS = "$(inherited) @executable_path/../Frameworks @loader_path/Frameworks";
				MACOSX_DEPLOYMENT_TARGET = 10.10;
				MTL_ENABLE_DEBUG_INFO = NO;
				PRODUCT_BUNDLE_IDENTIFIER = com.recisio.AudioPlayerSwift;
				PRODUCT_NAME = "$(TARGET_NAME)";
				SDKROOT = macosx;
				SKIP_INSTALL = YES;
				SUPPORTED_PLATFORMS = "macosx iphoneos iphonesimulator appletvos appletvsimulator";
				SWIFT_OPTIMIZATION_LEVEL = "-Owholemodule";
				SWIFT_VERSION = 5.0;
				TVOS_DEPLOYMENT_TARGET = 9.0;
				VERSIONING_SYSTEM = "apple-generic";
				VERSION_INFO_PREFIX = "";
			};
			name = Release;
		};
		1CE6870211AC773C1018B43E /* Debug */ = {
			isa = XCBuildConfiguration;
			buildSettings = {
				APPLICATION_EXTENSION_API_ONLY = NO;
				COMBINE_HIDPI_IMAGES = YES;
				CURRENT_PROJECT_VERSION = 1;
				DEBUG_INFORMATION_FORMAT = dwarf;
				DEFINES_MODULE = YES;
				DYLIB_COMPATIBILITY_VERSION = 1;
				DYLIB_CURRENT_VERSION = 1;
				DYLIB_INSTALL_NAME_BASE = "@rpath";
				ENABLE_STRICT_OBJC_MSGSEND = YES;
				"FRAMEWORK_SEARCH_PATHS[sdk=appletv*]" = "$(inherited)";
				"FRAMEWORK_SEARCH_PATHS[sdk=iphone*]" = "$(inherited)";
				"FRAMEWORK_SEARCH_PATHS[sdk=macosx*]" = "$(inherited)";
				FRAMEWORK_VERSION = A;
				GCC_NO_COMMON_BLOCKS = YES;
				INFOPLIST_FILE = "Supporting Files/Info.plist";
				INSTALL_PATH = "$(LOCAL_LIBRARY_DIR)/Frameworks";
				IPHONEOS_DEPLOYMENT_TARGET = 9.0;
				LD_RUNPATH_SEARCH_PATHS = "$(inherited) @executable_path/../Frameworks @loader_path/Frameworks";
				MACOSX_DEPLOYMENT_TARGET = 10.10;
				MTL_ENABLE_DEBUG_INFO = YES;
				PRODUCT_BUNDLE_IDENTIFIER = com.recisio.AudioPlayerSwift;
				PRODUCT_NAME = "$(TARGET_NAME)";
				SDKROOT = macosx;
				SKIP_INSTALL = YES;
				SUPPORTED_PLATFORMS = "macosx iphoneos iphonesimulator appletvos appletvsimulator";
				SWIFT_ACTIVE_COMPILATION_CONDITIONS = DEBUG;
				SWIFT_OPTIMIZATION_LEVEL = "-Onone";
				SWIFT_VERSION = 5.0;
				TVOS_DEPLOYMENT_TARGET = 9.0;
				VERSIONING_SYSTEM = "apple-generic";
				VERSION_INFO_PREFIX = "";
			};
			name = Debug;
		};
		5EBD98178207AC24A2240CDC /* Release */ = {
			isa = XCBuildConfiguration;
			buildSettings = {
				ALWAYS_SEARCH_USER_PATHS = NO;
				CLANG_ANALYZER_NONNULL = YES;
				CLANG_ANALYZER_NUMBER_OBJECT_CONVERSION = YES;
				CLANG_CXX_LANGUAGE_STANDARD = "gnu++0x";
				CLANG_CXX_LIBRARY = "libc++";
				CLANG_ENABLE_MODULES = YES;
				CLANG_ENABLE_OBJC_ARC = YES;
				CLANG_WARN_BLOCK_CAPTURE_AUTORELEASING = YES;
				CLANG_WARN_BOOL_CONVERSION = YES;
				CLANG_WARN_COMMA = YES;
				CLANG_WARN_CONSTANT_CONVERSION = YES;
				CLANG_WARN_DEPRECATED_OBJC_IMPLEMENTATIONS = YES;
				CLANG_WARN_DIRECT_OBJC_ISA_USAGE = YES;
				CLANG_WARN_DOCUMENTATION_COMMENTS = YES;
				CLANG_WARN_EMPTY_BODY = YES;
				CLANG_WARN_ENUM_CONVERSION = YES;
				CLANG_WARN_INFINITE_RECURSION = YES;
				CLANG_WARN_INT_CONVERSION = YES;
				CLANG_WARN_NON_LITERAL_NULL_CONVERSION = YES;
				CLANG_WARN_OBJC_IMPLICIT_RETAIN_SELF = YES;
				CLANG_WARN_OBJC_LITERAL_CONVERSION = YES;
				CLANG_WARN_OBJC_ROOT_CLASS = YES;
				CLANG_WARN_RANGE_LOOP_ANALYSIS = YES;
				CLANG_WARN_STRICT_PROTOTYPES = YES;
				CLANG_WARN_SUSPICIOUS_MOVE = YES;
				CLANG_WARN_UNREACHABLE_CODE = YES;
				CLANG_WARN__DUPLICATE_METHOD_MATCH = YES;
				CODE_SIGN_IDENTITY = "";
				COMBINE_HIDPI_IMAGES = YES;
				COPY_PHASE_STRIP = YES;
				ENABLE_NS_ASSERTIONS = NO;
				ENABLE_STRICT_OBJC_MSGSEND = YES;
				GCC_C_LANGUAGE_STANDARD = gnu99;
				GCC_NO_COMMON_BLOCKS = YES;
				GCC_WARN_64_TO_32_BIT_CONVERSION = YES;
				GCC_WARN_ABOUT_RETURN_TYPE = YES;
				GCC_WARN_UNDECLARED_SELECTOR = YES;
				GCC_WARN_UNINITIALIZED_AUTOS = YES;
				GCC_WARN_UNUSED_FUNCTION = YES;
				GCC_WARN_UNUSED_VARIABLE = YES;
				SDKROOT = macosx;
				SWIFT_OPTIMIZATION_LEVEL = "-Owholemodule";
				TARGETED_DEVICE_FAMILY = "1,2,3,4";
				VALIDATE_PRODUCT = YES;
			};
			name = Release;
		};
		7E586EAECE417FE97696F920 /* Release */ = {
			isa = XCBuildConfiguration;
			buildSettings = {
				APPLICATION_EXTENSION_API_ONLY = NO;
				DEBUG_INFORMATION_FORMAT = "dwarf-with-dsym";
				ENABLE_STRICT_OBJC_MSGSEND = YES;
				"FRAMEWORK_SEARCH_PATHS[sdk=appletv*]" = "$(inherited)";
				"FRAMEWORK_SEARCH_PATHS[sdk=iphone*]" = "$(inherited)";
				"FRAMEWORK_SEARCH_PATHS[sdk=macosx*]" = "$(inherited)";
				GCC_NO_COMMON_BLOCKS = YES;
				INFOPLIST_FILE = "Supporting Files/Info.plist";
				IPHONEOS_DEPLOYMENT_TARGET = 9.0;
				LD_RUNPATH_SEARCH_PATHS = "$(inherited) @executable_path/Frameworks @loader_path/Frameworks";
				"LD_RUNPATH_SEARCH_PATHS[sdk=macosx*]" = "$(inherited) @executable_path/../Frameworks @loader_path/../Frameworks";
				MACOSX_DEPLOYMENT_TARGET = 10.10;
				MTL_ENABLE_DEBUG_INFO = NO;
				PRODUCT_BUNDLE_IDENTIFIER = com.recisio.AudioPlayerSwiftTests;
				PRODUCT_NAME = "$(TARGET_NAME)";
				SDKROOT = macosx;
				SUPPORTED_PLATFORMS = "macosx iphoneos iphonesimulator appletvos appletvsimulator";
				SWIFT_OPTIMIZATION_LEVEL = "-Owholemodule";
				SWIFT_VERSION = 5.0;
				TVOS_DEPLOYMENT_TARGET = 9.0;
			};
			name = Release;
		};
		A484CC02DC714D44AA282288 /* Debug */ = {
			isa = XCBuildConfiguration;
			buildSettings = {
				ALWAYS_SEARCH_USER_PATHS = NO;
				CLANG_ANALYZER_NONNULL = YES;
				CLANG_ANALYZER_NUMBER_OBJECT_CONVERSION = YES;
				CLANG_CXX_LANGUAGE_STANDARD = "gnu++0x";
				CLANG_CXX_LIBRARY = "libc++";
				CLANG_ENABLE_MODULES = YES;
				CLANG_ENABLE_OBJC_ARC = YES;
				CLANG_WARN_BLOCK_CAPTURE_AUTORELEASING = YES;
				CLANG_WARN_BOOL_CONVERSION = YES;
				CLANG_WARN_COMMA = YES;
				CLANG_WARN_CONSTANT_CONVERSION = YES;
				CLANG_WARN_DEPRECATED_OBJC_IMPLEMENTATIONS = YES;
				CLANG_WARN_DIRECT_OBJC_ISA_USAGE = YES;
				CLANG_WARN_DOCUMENTATION_COMMENTS = YES;
				CLANG_WARN_EMPTY_BODY = YES;
				CLANG_WARN_ENUM_CONVERSION = YES;
				CLANG_WARN_INFINITE_RECURSION = YES;
				CLANG_WARN_INT_CONVERSION = YES;
				CLANG_WARN_NON_LITERAL_NULL_CONVERSION = YES;
				CLANG_WARN_OBJC_IMPLICIT_RETAIN_SELF = YES;
				CLANG_WARN_OBJC_LITERAL_CONVERSION = YES;
				CLANG_WARN_OBJC_ROOT_CLASS = YES;
				CLANG_WARN_RANGE_LOOP_ANALYSIS = YES;
				CLANG_WARN_STRICT_PROTOTYPES = YES;
				CLANG_WARN_SUSPICIOUS_MOVE = YES;
				CLANG_WARN_UNREACHABLE_CODE = YES;
				CLANG_WARN__DUPLICATE_METHOD_MATCH = YES;
				CODE_SIGN_IDENTITY = "";
				COMBINE_HIDPI_IMAGES = YES;
				COPY_PHASE_STRIP = NO;
				ENABLE_STRICT_OBJC_MSGSEND = YES;
				ENABLE_TESTABILITY = YES;
				GCC_C_LANGUAGE_STANDARD = gnu99;
				GCC_DYNAMIC_NO_PIC = NO;
				GCC_NO_COMMON_BLOCKS = YES;
				GCC_OPTIMIZATION_LEVEL = 0;
				GCC_PREPROCESSOR_DEFINITIONS = (
					"DEBUG=1",
					"$(inherited)",
				);
				GCC_SYMBOLS_PRIVATE_EXTERN = NO;
				GCC_WARN_64_TO_32_BIT_CONVERSION = YES;
				GCC_WARN_ABOUT_RETURN_TYPE = YES;
				GCC_WARN_UNDECLARED_SELECTOR = YES;
				GCC_WARN_UNINITIALIZED_AUTOS = YES;
				GCC_WARN_UNUSED_FUNCTION = YES;
				GCC_WARN_UNUSED_VARIABLE = YES;
				ONLY_ACTIVE_ARCH = YES;
				SDKROOT = macosx;
				SWIFT_OPTIMIZATION_LEVEL = "-Owholemodule";
				TARGETED_DEVICE_FAMILY = "1,2,3,4";
			};
			name = Debug;
		};
		D1A6803FD6D0D5D14A7DAABB /* Debug */ = {
			isa = XCBuildConfiguration;
			buildSettings = {
				APPLICATION_EXTENSION_API_ONLY = NO;
				DEBUG_INFORMATION_FORMAT = dwarf;
				ENABLE_STRICT_OBJC_MSGSEND = YES;
				"FRAMEWORK_SEARCH_PATHS[sdk=appletv*]" = "$(inherited)";
				"FRAMEWORK_SEARCH_PATHS[sdk=iphone*]" = "$(inherited)";
				"FRAMEWORK_SEARCH_PATHS[sdk=macosx*]" = "$(inherited)";
				GCC_NO_COMMON_BLOCKS = YES;
				INFOPLIST_FILE = "Supporting Files/Info.plist";
				IPHONEOS_DEPLOYMENT_TARGET = 9.0;
				LD_RUNPATH_SEARCH_PATHS = "$(inherited) @executable_path/Frameworks @loader_path/Frameworks";
				"LD_RUNPATH_SEARCH_PATHS[sdk=macosx*]" = "$(inherited) @executable_path/../Frameworks @loader_path/../Frameworks";
				MACOSX_DEPLOYMENT_TARGET = 10.10;
				MTL_ENABLE_DEBUG_INFO = YES;
				PRODUCT_BUNDLE_IDENTIFIER = com.recisio.AudioPlayerSwiftTests;
				PRODUCT_NAME = "$(TARGET_NAME)";
				SDKROOT = macosx;
				SUPPORTED_PLATFORMS = "macosx iphoneos iphonesimulator appletvos appletvsimulator";
				SWIFT_ACTIVE_COMPILATION_CONDITIONS = DEBUG;
				SWIFT_OPTIMIZATION_LEVEL = "-Onone";
				SWIFT_VERSION = 5.0;
				TVOS_DEPLOYMENT_TARGET = 9.0;
			};
			name = Debug;
		};
/* End XCBuildConfiguration section */

/* Begin XCConfigurationList section */
		446500387F3D3ECAF668B6CC /* Build configuration list for PBXProject "AudioPlayerSwift" */ = {
			isa = XCConfigurationList;
			buildConfigurations = (
				A484CC02DC714D44AA282288 /* Debug */,
				5EBD98178207AC24A2240CDC /* Release */,
			);
			defaultConfigurationIsVisible = 0;
			defaultConfigurationName = Release;
		};
		706C09FD224212FA08ADCC8B /* Build configuration list for PBXNativeTarget "AudioPlayerSwift" */ = {
			isa = XCConfigurationList;
			buildConfigurations = (
				07B753E175A38565219ACC46 /* Release */,
				1CE6870211AC773C1018B43E /* Debug */,
			);
			defaultConfigurationIsVisible = 0;
			defaultConfigurationName = Release;
		};
		B82F2312D5F0C86A5C32FDDE /* Build configuration list for PBXNativeTarget "AudioPlayerSwiftTests" */ = {
			isa = XCConfigurationList;
			buildConfigurations = (
				7E586EAECE417FE97696F920 /* Release */,
				D1A6803FD6D0D5D14A7DAABB /* Debug */,
			);
			defaultConfigurationIsVisible = 0;
			defaultConfigurationName = Release;
		};
/* End XCConfigurationList section */
	};
	rootObject = 802F3B5751C5367480B57965 /* Project object */;
}
